// !$*UTF8*$!
{
	archiveVersion = 1;
	classes = {
	};
	objectVersion = 77;
	objects = {

/* Begin PBXBuildFile section */
		232A8D302D68EBA400154ECA /* SimpleOperationsWithMVVMApp.swift in Sources */ = {isa = PBXBuildFile; fileRef = 232A8D2D2D68EBA400154ECA /* SimpleOperationsWithMVVMApp.swift */; };
		232A8D312D68EBA400154ECA /* Preview Assets.xcassets in Resources */ = {isa = PBXBuildFile; fileRef = 232A8D292D68EBA400154ECA /* Preview Assets.xcassets */; };
		232A8D322D68EBA400154ECA /* Assets.xcassets in Resources */ = {isa = PBXBuildFile; fileRef = 232A8D2B2D68EBA400154ECA /* Assets.xcassets */; };
		232A8D372D68ECE200154ECA /* LandingView.swift in Sources */ = {isa = PBXBuildFile; fileRef = 232A8D362D68ECDC00154ECA /* LandingView.swift */; };
		232A8D3A2D68EDA500154ECA /* AdditionView.swift in Sources */ = {isa = PBXBuildFile; fileRef = 232A8D392D68ED9D00154ECA /* AdditionView.swift */; };
		232A8D3C2D68EDFD00154ECA /* SubtractionView.swift in Sources */ = {isa = PBXBuildFile; fileRef = 232A8D3B2D68EDF500154ECA /* SubtractionView.swift */; };
		232A8D3E2D68EE6B00154ECA /* MultiplicationView.swift in Sources */ = {isa = PBXBuildFile; fileRef = 232A8D3D2D68EE6500154ECA /* MultiplicationView.swift */; };
		232A8D402D68EEBD00154ECA /* DivisionView.swift in Sources */ = {isa = PBXBuildFile; fileRef = 232A8D3F2D68EEB700154ECA /* DivisionView.swift */; };
/* End PBXBuildFile section */

/* Begin PBXFileReference section */
		232A8D182D68EB8300154ECA /* SimpleOperationsWithMVVM.app */ = {isa = PBXFileReference; explicitFileType = wrapper.application; includeInIndex = 0; path = SimpleOperationsWithMVVM.app; sourceTree = BUILT_PRODUCTS_DIR; };
		232A8D292D68EBA400154ECA /* Preview Assets.xcassets */ = {isa = PBXFileReference; lastKnownFileType = folder.assetcatalog; path = "Preview Assets.xcassets"; sourceTree = "<group>"; };
		232A8D2B2D68EBA400154ECA /* Assets.xcassets */ = {isa = PBXFileReference; lastKnownFileType = folder.assetcatalog; path = Assets.xcassets; sourceTree = "<group>"; };
		232A8D2D2D68EBA400154ECA /* SimpleOperationsWithMVVMApp.swift */ = {isa = PBXFileReference; lastKnownFileType = sourcecode.swift; path = SimpleOperationsWithMVVMApp.swift; sourceTree = "<group>"; };
		232A8D362D68ECDC00154ECA /* LandingView.swift */ = {isa = PBXFileReference; lastKnownFileType = sourcecode.swift; path = LandingView.swift; sourceTree = "<group>"; };
		232A8D392D68ED9D00154ECA /* AdditionView.swift */ = {isa = PBXFileReference; lastKnownFileType = sourcecode.swift; path = AdditionView.swift; sourceTree = "<group>"; };
		232A8D3B2D68EDF500154ECA /* SubtractionView.swift */ = {isa = PBXFileReference; lastKnownFileType = sourcecode.swift; path = SubtractionView.swift; sourceTree = "<group>"; };
		232A8D3D2D68EE6500154ECA /* MultiplicationView.swift */ = {isa = PBXFileReference; lastKnownFileType = sourcecode.swift; path = MultiplicationView.swift; sourceTree = "<group>"; };
		232A8D3F2D68EEB700154ECA /* DivisionView.swift */ = {isa = PBXFileReference; lastKnownFileType = sourcecode.swift; path = DivisionView.swift; sourceTree = "<group>"; };
/* End PBXFileReference section */

/* Begin PBXFrameworksBuildPhase section */
		232A8D152D68EB8300154ECA /* Frameworks */ = {
			isa = PBXFrameworksBuildPhase;
			buildActionMask = 2147483647;
			files = (
			);
			runOnlyForDeploymentPostprocessing = 0;
		};
/* End PBXFrameworksBuildPhase section */

/* Begin PBXGroup section */
		232A8D0F2D68EB8300154ECA = {
			isa = PBXGroup;
			children = (
				232A8D2E2D68EBA400154ECA /* SimpleOperationsWithMVVM */,
				232A8D192D68EB8300154ECA /* Products */,
			);
			sourceTree = "<group>";
		};
		232A8D192D68EB8300154ECA /* Products */ = {
			isa = PBXGroup;
			children = (
				232A8D182D68EB8300154ECA /* SimpleOperationsWithMVVM.app */,
			);
			name = Products;
			sourceTree = "<group>";
		};
		232A8D2A2D68EBA400154ECA /* Preview Content */ = {
			isa = PBXGroup;
			children = (
				232A8D292D68EBA400154ECA /* Preview Assets.xcassets */,
			);
			path = "Preview Content";
			sourceTree = "<group>";
		};
		232A8D2E2D68EBA400154ECA /* SimpleOperationsWithMVVM */ = {
			isa = PBXGroup;
			children = (
				232A8D2D2D68EBA400154ECA /* SimpleOperationsWithMVVMApp.swift */,
				232A8D332D68EBA800154ECA /* Models */,
				232A8D342D68EBDD00154ECA /* ViewModels */,
				232A8D352D68EBED00154ECA /* Views */,
				232A8D2A2D68EBA400154ECA /* Preview Content */,
				232A8D2B2D68EBA400154ECA /* Assets.xcassets */,
			);
			path = SimpleOperationsWithMVVM;
			sourceTree = "<group>";
		};
		232A8D332D68EBA800154ECA /* Models */ = {
			isa = PBXGroup;
			children = (
			);
			path = Models;
			sourceTree = "<group>";
		};
		232A8D342D68EBDD00154ECA /* ViewModels */ = {
			isa = PBXGroup;
			children = (
			);
			path = ViewModels;
			sourceTree = "<group>";
		};
		232A8D352D68EBED00154ECA /* Views */ = {
			isa = PBXGroup;
			children = (
				232A8D362D68ECDC00154ECA /* LandingView.swift */,
				232A8D392D68ED9D00154ECA /* AdditionView.swift */,
				232A8D3B2D68EDF500154ECA /* SubtractionView.swift */,
				232A8D3D2D68EE6500154ECA /* MultiplicationView.swift */,
				232A8D3F2D68EEB700154ECA /* DivisionView.swift */,
			);
			path = Views;
			sourceTree = "<group>";
		};
/* End PBXGroup section */

/* Begin PBXNativeTarget section */
		232A8D172D68EB8300154ECA /* SimpleOperationsWithMVVM */ = {
			isa = PBXNativeTarget;
			buildConfigurationList = 232A8D262D68EB8600154ECA /* Build configuration list for PBXNativeTarget "SimpleOperationsWithMVVM" */;
			buildPhases = (
				232A8D142D68EB8300154ECA /* Sources */,
				232A8D152D68EB8300154ECA /* Frameworks */,
				232A8D162D68EB8300154ECA /* Resources */,
			);
			buildRules = (
			);
			dependencies = (
			);
			name = SimpleOperationsWithMVVM;
			packageProductDependencies = (
			);
			productName = SimpleOperationsWithMVVM;
			productReference = 232A8D182D68EB8300154ECA /* SimpleOperationsWithMVVM.app */;
			productType = "com.apple.product-type.application";
		};
/* End PBXNativeTarget section */

/* Begin PBXProject section */
		232A8D102D68EB8300154ECA /* Project object */ = {
			isa = PBXProject;
			attributes = {
				BuildIndependentTargetsInParallel = 1;
				LastSwiftUpdateCheck = 1600;
				LastUpgradeCheck = 1600;
				TargetAttributes = {
					232A8D172D68EB8300154ECA = {
						CreatedOnToolsVersion = 16.0;
					};
				};
			};
			buildConfigurationList = 232A8D132D68EB8300154ECA /* Build configuration list for PBXProject "SimpleOperationsWithMVVM" */;
			developmentRegion = en;
			hasScannedForEncodings = 0;
			knownRegions = (
				en,
				Base,
			);
			mainGroup = 232A8D0F2D68EB8300154ECA;
			minimizedProjectReferenceProxies = 1;
			preferredProjectObjectVersion = 77;
			productRefGroup = 232A8D192D68EB8300154ECA /* Products */;
			projectDirPath = "";
			projectRoot = "";
			targets = (
				232A8D172D68EB8300154ECA /* SimpleOperationsWithMVVM */,
			);
		};
/* End PBXProject section */

/* Begin PBXResourcesBuildPhase section */
		232A8D162D68EB8300154ECA /* Resources */ = {
			isa = PBXResourcesBuildPhase;
			buildActionMask = 2147483647;
			files = (
				232A8D312D68EBA400154ECA /* Preview Assets.xcassets in Resources */,
				232A8D322D68EBA400154ECA /* Assets.xcassets in Resources */,
			);
			runOnlyForDeploymentPostprocessing = 0;
		};
/* End PBXResourcesBuildPhase section */

/* Begin PBXSourcesBuildPhase section */
		232A8D142D68EB8300154ECA /* Sources */ = {
			isa = PBXSourcesBuildPhase;
			buildActionMask = 2147483647;
			files = (
				232A8D372D68ECE200154ECA /* LandingView.swift in Sources */,
				232A8D402D68EEBD00154ECA /* DivisionView.swift in Sources */,
				232A8D3E2D68EE6B00154ECA /* MultiplicationView.swift in Sources */,
				232A8D3C2D68EDFD00154ECA /* SubtractionView.swift in Sources */,
				232A8D302D68EBA400154ECA /* SimpleOperationsWithMVVMApp.swift in Sources */,
				232A8D3A2D68EDA500154ECA /* AdditionView.swift in Sources */,
			);
			runOnlyForDeploymentPostprocessing = 0;
		};
/* End PBXSourcesBuildPhase section */

/* Begin XCBuildConfiguration section */
		232A8D242D68EB8600154ECA /* Debug */ = {
			isa = XCBuildConfiguration;
			buildSettings = {
				ALWAYS_SEARCH_USER_PATHS = NO;
				ASSETCATALOG_COMPILER_GENERATE_SWIFT_ASSET_SYMBOL_EXTENSIONS = YES;
				CLANG_ANALYZER_NONNULL = YES;
				CLANG_ANALYZER_NUMBER_OBJECT_CONVERSION = YES_AGGRESSIVE;
				CLANG_CXX_LANGUAGE_STANDARD = "gnu++20";
				CLANG_ENABLE_MODULES = YES;
				CLANG_ENABLE_OBJC_ARC = YES;
				CLANG_ENABLE_OBJC_WEAK = YES;
				CLANG_WARN_BLOCK_CAPTURE_AUTORELEASING = YES;
				CLANG_WARN_BOOL_CONVERSION = YES;
				CLANG_WARN_COMMA = YES;
				CLANG_WARN_CONSTANT_CONVERSION = YES;
				CLANG_WARN_DEPRECATED_OBJC_IMPLEMENTATIONS = YES;
				CLANG_WARN_DIRECT_OBJC_ISA_USAGE = YES_ERROR;
				CLANG_WARN_DOCUMENTATION_COMMENTS = YES;
				CLANG_WARN_EMPTY_BODY = YES;
				CLANG_WARN_ENUM_CONVERSION = YES;
				CLANG_WARN_INFINITE_RECURSION = YES;
				CLANG_WARN_INT_CONVERSION = YES;
				CLANG_WARN_NON_LITERAL_NULL_CONVERSION = YES;
				CLANG_WARN_OBJC_IMPLICIT_RETAIN_SELF = YES;
				CLANG_WARN_OBJC_LITERAL_CONVERSION = YES;
				CLANG_WARN_OBJC_ROOT_CLASS = YES_ERROR;
				CLANG_WARN_QUOTED_INCLUDE_IN_FRAMEWORK_HEADER = YES;
				CLANG_WARN_RANGE_LOOP_ANALYSIS = YES;
				CLANG_WARN_STRICT_PROTOTYPES = YES;
				CLANG_WARN_SUSPICIOUS_MOVE = YES;
				CLANG_WARN_UNGUARDED_AVAILABILITY = YES_AGGRESSIVE;
				CLANG_WARN_UNREACHABLE_CODE = YES;
				CLANG_WARN__DUPLICATE_METHOD_MATCH = YES;
				COPY_PHASE_STRIP = NO;
				DEBUG_INFORMATION_FORMAT = dwarf;
				ENABLE_STRICT_OBJC_MSGSEND = YES;
				ENABLE_TESTABILITY = YES;
				ENABLE_USER_SCRIPT_SANDBOXING = YES;
				GCC_C_LANGUAGE_STANDARD = gnu17;
				GCC_DYNAMIC_NO_PIC = NO;
				GCC_NO_COMMON_BLOCKS = YES;
				GCC_OPTIMIZATION_LEVEL = 0;
				GCC_PREPROCESSOR_DEFINITIONS = (
					"DEBUG=1",
					"$(inherited)",
				);
				GCC_WARN_64_TO_32_BIT_CONVERSION = YES;
				GCC_WARN_ABOUT_RETURN_TYPE = YES_ERROR;
				GCC_WARN_UNDECLARED_SELECTOR = YES;
				GCC_WARN_UNINITIALIZED_AUTOS = YES_AGGRESSIVE;
				GCC_WARN_UNUSED_FUNCTION = YES;
				GCC_WARN_UNUSED_VARIABLE = YES;
				IPHONEOS_DEPLOYMENT_TARGET = 18.0;
				LOCALIZATION_PREFERS_STRING_CATALOGS = YES;
				MTL_ENABLE_DEBUG_INFO = INCLUDE_SOURCE;
				MTL_FAST_MATH = YES;
				ONLY_ACTIVE_ARCH = YES;
				SDKROOT = iphoneos;
				SWIFT_ACTIVE_COMPILATION_CONDITIONS = "DEBUG $(inherited)";
				SWIFT_OPTIMIZATION_LEVEL = "-Onone";
			};
			name = Debug;
		};
		232A8D252D68EB8600154ECA /* Release */ = {
			isa = XCBuildConfiguration;
			buildSettings = {
				ALWAYS_SEARCH_USER_PATHS = NO;
				ASSETCATALOG_COMPILER_GENERATE_SWIFT_ASSET_SYMBOL_EXTENSIONS = YES;
				CLANG_ANALYZER_NONNULL = YES;
				CLANG_ANALYZER_NUMBER_OBJECT_CONVERSION = YES_AGGRESSIVE;
				CLANG_CXX_LANGUAGE_STANDARD = "gnu++20";
				CLANG_ENABLE_MODULES = YES;
				CLANG_ENABLE_OBJC_ARC = YES;
				CLANG_ENABLE_OBJC_WEAK = YES;
				CLANG_WARN_BLOCK_CAPTURE_AUTORELEASING = YES;
				CLANG_WARN_BOOL_CONVERSION = YES;
				CLANG_WARN_COMMA = YES;
				CLANG_WARN_CONSTANT_CONVERSION = YES;
				CLANG_WARN_DEPRECATED_OBJC_IMPLEMENTATIONS = YES;
				CLANG_WARN_DIRECT_OBJC_ISA_USAGE = YES_ERROR;
				CLANG_WARN_DOCUMENTATION_COMMENTS = YES;
				CLANG_WARN_EMPTY_BODY = YES;
				CLANG_WARN_ENUM_CONVERSION = YES;
				CLANG_WARN_INFINITE_RECURSION = YES;
				CLANG_WARN_INT_CONVERSION = YES;
				CLANG_WARN_NON_LITERAL_NULL_CONVERSION = YES;
				CLANG_WARN_OBJC_IMPLICIT_RETAIN_SELF = YES;
				CLANG_WARN_OBJC_LITERAL_CONVERSION = YES;
				CLANG_WARN_OBJC_ROOT_CLASS = YES_ERROR;
				CLANG_WARN_QUOTED_INCLUDE_IN_FRAMEWORK_HEADER = YES;
				CLANG_WARN_RANGE_LOOP_ANALYSIS = YES;
				CLANG_WARN_STRICT_PROTOTYPES = YES;
				CLANG_WARN_SUSPICIOUS_MOVE = YES;
				CLANG_WARN_UNGUARDED_AVAILABILITY = YES_AGGRESSIVE;
				CLANG_WARN_UNREACHABLE_CODE = YES;
				CLANG_WARN__DUPLICATE_METHOD_MATCH = YES;
				COPY_PHASE_STRIP = NO;
				DEBUG_INFORMATION_FORMAT = "dwarf-with-dsym";
				ENABLE_NS_ASSERTIONS = NO;
				ENABLE_STRICT_OBJC_MSGSEND = YES;
				ENABLE_USER_SCRIPT_SANDBOXING = YES;
				GCC_C_LANGUAGE_STANDARD = gnu17;
				GCC_NO_COMMON_BLOCKS = YES;
				GCC_WARN_64_TO_32_BIT_CONVERSION = YES;
				GCC_WARN_ABOUT_RETURN_TYPE = YES_ERROR;
				GCC_WARN_UNDECLARED_SELECTOR = YES;
				GCC_WARN_UNINITIALIZED_AUTOS = YES_AGGRESSIVE;
				GCC_WARN_UNUSED_FUNCTION = YES;
				GCC_WARN_UNUSED_VARIABLE = YES;
				IPHONEOS_DEPLOYMENT_TARGET = 18.0;
				LOCALIZATION_PREFERS_STRING_CATALOGS = YES;
				MTL_ENABLE_DEBUG_INFO = NO;
				MTL_FAST_MATH = YES;
				SDKROOT = iphoneos;
				SWIFT_COMPILATION_MODE = wholemodule;
				VALIDATE_PRODUCT = YES;
			};
			name = Release;
		};
		232A8D272D68EB8600154ECA /* Debug */ = {
			isa = XCBuildConfiguration;
			buildSettings = {
				ASSETCATALOG_COMPILER_APPICON_NAME = AppIcon;
				ASSETCATALOG_COMPILER_GLOBAL_ACCENT_COLOR_NAME = AccentColor;
				CODE_SIGN_STYLE = Automatic;
				CURRENT_PROJECT_VERSION = 1;
				DEVELOPMENT_ASSET_PATHS = "\"SimpleOperationsWithMVVM/Preview Content\"";
				DEVELOPMENT_TEAM = 4UG443984D;
				ENABLE_PREVIEWS = YES;
				GENERATE_INFOPLIST_FILE = YES;
				INFOPLIST_KEY_UIApplicationSceneManifest_Generation = YES;
				INFOPLIST_KEY_UIApplicationSupportsIndirectInputEvents = YES;
				INFOPLIST_KEY_UILaunchScreen_Generation = YES;
				INFOPLIST_KEY_UISupportedInterfaceOrientations_iPad = "UIInterfaceOrientationPortrait UIInterfaceOrientationPortraitUpsideDown UIInterfaceOrientationLandscapeLeft UIInterfaceOrientationLandscapeRight";
				INFOPLIST_KEY_UISupportedInterfaceOrientations_iPhone = "UIInterfaceOrientationPortrait UIInterfaceOrientationLandscapeLeft UIInterfaceOrientationLandscapeRight";
				LD_RUNPATH_SEARCH_PATHS = (
					"$(inherited)",
					"@executable_path/Frameworks",
				);
				MARKETING_VERSION = 1.0;
				PRODUCT_BUNDLE_IDENTIFIER = ca.neilshah.SimpleOperationsWithMVVM;
				PRODUCT_NAME = "$(TARGET_NAME)";
				SWIFT_EMIT_LOC_STRINGS = YES;
				SWIFT_VERSION = 5.0;
				TARGETED_DEVICE_FAMILY = "1,2";
			};
			name = Debug;
		};
		232A8D282D68EB8600154ECA /* Release */ = {
			isa = XCBuildConfiguration;
			buildSettings = {
				ASSETCATALOG_COMPILER_APPICON_NAME = AppIcon;
				ASSETCATALOG_COMPILER_GLOBAL_ACCENT_COLOR_NAME = AccentColor;
				CODE_SIGN_STYLE = Automatic;
				CURRENT_PROJECT_VERSION = 1;
				DEVELOPMENT_ASSET_PATHS = "\"SimpleOperationsWithMVVM/Preview Content\"";
				DEVELOPMENT_TEAM = 4UG443984D;
				ENABLE_PREVIEWS = YES;
				GENERATE_INFOPLIST_FILE = YES;
				INFOPLIST_KEY_UIApplicationSceneManifest_Generation = YES;
				INFOPLIST_KEY_UIApplicationSupportsIndirectInputEvents = YES;
				INFOPLIST_KEY_UILaunchScreen_Generation = YES;
				INFOPLIST_KEY_UISupportedInterfaceOrientations_iPad = "UIInterfaceOrientationPortrait UIInterfaceOrientationPortraitUpsideDown UIInterfaceOrientationLandscapeLeft UIInterfaceOrientationLandscapeRight";
				INFOPLIST_KEY_UISupportedInterfaceOrientations_iPhone = "UIInterfaceOrientationPortrait UIInterfaceOrientationLandscapeLeft UIInterfaceOrientationLandscapeRight";
				LD_RUNPATH_SEARCH_PATHS = (
					"$(inherited)",
					"@executable_path/Frameworks",
				);
				MARKETING_VERSION = 1.0;
				PRODUCT_BUNDLE_IDENTIFIER = ca.neilshah.SimpleOperationsWithMVVM;
				PRODUCT_NAME = "$(TARGET_NAME)";
				SWIFT_EMIT_LOC_STRINGS = YES;
				SWIFT_VERSION = 5.0;
				TARGETED_DEVICE_FAMILY = "1,2";
			};
			name = Release;
		};
/* End XCBuildConfiguration section */

/* Begin XCConfigurationList section */
		232A8D132D68EB8300154ECA /* Build configuration list for PBXProject "SimpleOperationsWithMVVM" */ = {
			isa = XCConfigurationList;
			buildConfigurations = (
				232A8D242D68EB8600154ECA /* Debug */,
				232A8D252D68EB8600154ECA /* Release */,
			);
			defaultConfigurationIsVisible = 0;
			defaultConfigurationName = Release;
		};
		232A8D262D68EB8600154ECA /* Build configuration list for PBXNativeTarget "SimpleOperationsWithMVVM" */ = {
			isa = XCConfigurationList;
			buildConfigurations = (
				232A8D272D68EB8600154ECA /* Debug */,
				232A8D282D68EB8600154ECA /* Release */,
			);
			defaultConfigurationIsVisible = 0;
			defaultConfigurationName = Release;
		};
/* End XCConfigurationList section */
	};
	rootObject = 232A8D102D68EB8300154ECA /* Project object */;
}
